
Microsoft Visual Studio Solution File, Format Version 12.00
# Visual Studio Version 16
VisualStudioVersion = 16.0.30717.126
MinimumVisualStudioVersion = 10.0.40219.1
Project("{FAE04EC0-301F-11D3-BF4B-00C04F79EFBC}") = "Listing", "Listing\Listing.csproj", "{E11D5016-81FF-4230-95C6-19FA89D7E7B4}"
EndProject
Project("{FAE04EC0-301F-11D3-BF4B-00C04F79EFBC}") = "Shared", "Shared\Shared.csproj", "{6F4B16EE-7F52-487C-B8DA-DC9B00BB2FF5}"
EndProject
Project("{FAE04EC0-301F-11D3-BF4B-00C04F79EFBC}") = "Testing", "Testing\Testing.csproj", "{5164ED38-AEB3-43A5-A6BE-2523611427CE}"
EndProject
Global
	GlobalSection(SolutionConfigurationPlatforms) = preSolution
		Debug|Any CPU = Debug|Any CPU
		Debug|x64 = Debug|x64
		Release|Any CPU = Release|Any CPU
		Release|x64 = Release|x64
	EndGlobalSection
	GlobalSection(ProjectConfigurationPlatforms) = postSolution
		{E11D5016-81FF-4230-95C6-19FA89D7E7B4}.Debug|Any CPU.ActiveCfg = Debug|x64
		{E11D5016-81FF-4230-95C6-19FA89D7E7B4}.Debug|Any CPU.Build.0 = Debug|x64
		{E11D5016-81FF-4230-95C6-19FA89D7E7B4}.Debug|x64.ActiveCfg = Debug|x64
		{E11D5016-81FF-4230-95C6-19FA89D7E7B4}.Debug|x64.Build.0 = Debug|x64
		{E11D5016-81FF-4230-95C6-19FA89D7E7B4}.Release|Any CPU.ActiveCfg = Release|x64
		{E11D5016-81FF-4230-95C6-19FA89D7E7B4}.Release|x64.ActiveCfg = Release|x64
		{E11D5016-81FF-4230-95C6-19FA89D7E7B4}.Release|x64.Build.0 = Release|x64
		{6F4B16EE-7F52-487C-B8DA-DC9B00BB2FF5}.Debug|Any CPU.ActiveCfg = Debug|x64
		{6F4B16EE-7F52-487C-B8DA-DC9B00BB2FF5}.Debug|Any CPU.Build.0 = Debug|x64
		{6F4B16EE-7F52-487C-B8DA-DC9B00BB2FF5}.Debug|x64.ActiveCfg = Debug|x64
		{6F4B16EE-7F52-487C-B8DA-DC9B00BB2FF5}.Debug|x64.Build.0 = Debug|x64
		{6F4B16EE-7F52-487C-B8DA-DC9B00BB2FF5}.Release|Any CPU.ActiveCfg = Release|x64
		{6F4B16EE-7F52-487C-B8DA-DC9B00BB2FF5}.Release|x64.ActiveCfg = Release|x64
		{6F4B16EE-7F52-487C-B8DA-DC9B00BB2FF5}.Release|x64.Build.0 = Release|x64
		{5164ED38-AEB3-43A5-A6BE-2523611427CE}.Debug|Any CPU.ActiveCfg = Debug|Any CPU
		{5164ED38-AEB3-43A5-A6BE-2523611427CE}.Debug|Any CPU.Build.0 = Debug|Any CPU
		{5164ED38-AEB3-43A5-A6BE-2523611427CE}.Debug|x64.ActiveCfg = Debug|Any CPU
		{5164ED38-AEB3-43A5-A6BE-2523611427CE}.Debug|x64.Build.0 = Debug|Any CPU
		{5164ED38-AEB3-43A5-A6BE-2523611427CE}.Release|Any CPU.ActiveCfg = Release|Any CPU
		{5164ED38-AEB3-43A5-A6BE-2523611427CE}.Release|Any CPU.Build.0 = Release|Any CPU
		{5164ED38-AEB3-43A5-A6BE-2523611427CE}.Release|x64.ActiveCfg = Release|Any CPU
		{5164ED38-AEB3-43A5-A6BE-2523611427CE}.Release|x64.Build.0 = Release|Any CPU
	EndGlobalSection
	GlobalSection(SolutionProperties) = preSolution
		HideSolutionNode = FALSE
	EndGlobalSection
	GlobalSection(ExtensibilityGlobals) = postSolution
		SolutionGuid = {DA951B6D-5B08-4DAF-91E4-96F2EB54B4A5}
	EndGlobalSection
EndGlobal
